
Microsoft Visual Studio Solution File, Format Version 12.00
# Visual Studio Version 17
VisualStudioVersion = 17.0.31903.59
MinimumVisualStudioVersion = 10.0.40219.1
Project("{FAE04EC0-301F-11D3-BF4B-00C04F79EFBC}") = "ChatBoxSharedObjects", "ChatBoxSharedObjects\ChatBoxSharedObjects.csproj", "{7E8F4EB9-736F-4DA5-8C29-BDD5A42730DC}"
EndProject
Project("{FAE04EC0-301F-11D3-BF4B-00C04F79EFBC}") = "CharacterService", "CharacterService\CharacterService.csproj", "{062EE599-640A-47FE-B9CE-9EE856E0FE9E}"
EndProject
Project("{FAE04EC0-301F-11D3-BF4B-00C04F79EFBC}") = "ProfileService", "ProfileService\ProfileService.csproj", "{CD65B889-F392-4AA9-8A61-9D865B014000}"
EndProject
Project("{FAE04EC0-301F-11D3-BF4B-00C04F79EFBC}") = "AvatarService", "AvatarService\AvatarService.csproj", "{A8DBF22D-F072-4DD8-9B8B-8D1A63EF625D}"
EndProject
Project("{FAE04EC0-301F-11D3-BF4B-00C04F79EFBC}") = "ChatService", "ChatService\ChatService.csproj", "{B877F1B4-07CA-4385-A9BA-B0F466E912FC}"
EndProject
Global
	GlobalSection(SolutionConfigurationPlatforms) = preSolution
		Debug|Any CPU = Debug|Any CPU
		Release|Any CPU = Release|Any CPU
	EndGlobalSection
	GlobalSection(SolutionProperties) = preSolution
		HideSolutionNode = FALSE
	EndGlobalSection
	GlobalSection(ProjectConfigurationPlatforms) = postSolution
		{7E8F4EB9-736F-4DA5-8C29-BDD5A42730DC}.Debug|Any CPU.ActiveCfg = Debug|Any CPU
		{7E8F4EB9-736F-4DA5-8C29-BDD5A42730DC}.Debug|Any CPU.Build.0 = Debug|Any CPU
		{7E8F4EB9-736F-4DA5-8C29-BDD5A42730DC}.Release|Any CPU.ActiveCfg = Release|Any CPU
		{7E8F4EB9-736F-4DA5-8C29-BDD5A42730DC}.Release|Any CPU.Build.0 = Release|Any CPU
		{062EE599-640A-47FE-B9CE-9EE856E0FE9E}.Debug|Any CPU.ActiveCfg = Debug|Any CPU
		{062EE599-640A-47FE-B9CE-9EE856E0FE9E}.Debug|Any CPU.Build.0 = Debug|Any CPU
		{062EE599-640A-47FE-B9CE-9EE856E0FE9E}.Release|Any CPU.ActiveCfg = Release|Any CPU
		{062EE599-640A-47FE-B9CE-9EE856E0FE9E}.Release|Any CPU.Build.0 = Release|Any CPU
		{CD65B889-F392-4AA9-8A61-9D865B014000}.Debug|Any CPU.ActiveCfg = Debug|Any CPU
		{CD65B889-F392-4AA9-8A61-9D865B014000}.Debug|Any CPU.Build.0 = Debug|Any CPU
		{CD65B889-F392-4AA9-8A61-9D865B014000}.Release|Any CPU.ActiveCfg = Release|Any CPU
		{CD65B889-F392-4AA9-8A61-9D865B014000}.Release|Any CPU.Build.0 = Release|Any CPU
		{A8DBF22D-F072-4DD8-9B8B-8D1A63EF625D}.Debug|Any CPU.ActiveCfg = Debug|Any CPU
		{A8DBF22D-F072-4DD8-9B8B-8D1A63EF625D}.Debug|Any CPU.Build.0 = Debug|Any CPU
		{A8DBF22D-F072-4DD8-9B8B-8D1A63EF625D}.Release|Any CPU.ActiveCfg = Release|Any CPU
		{A8DBF22D-F072-4DD8-9B8B-8D1A63EF625D}.Release|Any CPU.Build.0 = Release|Any CPU
		{B877F1B4-07CA-4385-A9BA-B0F466E912FC}.Debug|Any CPU.ActiveCfg = Debug|Any CPU
		{B877F1B4-07CA-4385-A9BA-B0F466E912FC}.Debug|Any CPU.Build.0 = Debug|Any CPU
		{B877F1B4-07CA-4385-A9BA-B0F466E912FC}.Release|Any CPU.ActiveCfg = Release|Any CPU
		{B877F1B4-07CA-4385-A9BA-B0F466E912FC}.Release|Any CPU.Build.0 = Release|Any CPU
	EndGlobalSection
EndGlobal
